{
  "name": "developer-ops-assistant",
  "version": "0.1.0",
  "lockfileVersion": 3,
  "requires": true,
  "packages": {
    "": {
      "name": "developer-ops-assistant",
      "version": "0.1.0",
      "workspaces": [
        "packages/*",
        "apps/*"
      ],
      "engines": {
        "node": ">=22"
      }
    }
  }
}
